// !$*UTF8*$!
{
	archiveVersion = 1;
	classes = {
	};
	objectVersion = 46;
	objects = {

/* Begin PBXBuildFile section */
		960245AE1936A54D00E8E874 /* PokerDataController.m in Sources */ = {isa = PBXBuildFile; fileRef = 960245AD1936A54D00E8E874 /* PokerDataController.m */; };
		960245B11936A5F100E8E874 /* Hand.m in Sources */ = {isa = PBXBuildFile; fileRef = 960245B01936A5F100E8E874 /* Hand.m */; };
		960245B41936A60300E8E874 /* Card.m in Sources */ = {isa = PBXBuildFile; fileRef = 960245B31936A60300E8E874 /* Card.m */; };
		969D2ED2193575C600212836 /* Foundation.framework in Frameworks */ = {isa = PBXBuildFile; fileRef = 969D2ED1193575C600212836 /* Foundation.framework */; };
		969D2ED4193575C600212836 /* CoreGraphics.framework in Frameworks */ = {isa = PBXBuildFile; fileRef = 969D2ED3193575C600212836 /* CoreGraphics.framework */; };
		969D2ED6193575C600212836 /* UIKit.framework in Frameworks */ = {isa = PBXBuildFile; fileRef = 969D2ED5193575C600212836 /* UIKit.framework */; };
		969D2ED8193575C600212836 /* CoreData.framework in Frameworks */ = {isa = PBXBuildFile; fileRef = 969D2ED7193575C600212836 /* CoreData.framework */; };
		969D2EDE193575C600212836 /* InfoPlist.strings in Resources */ = {isa = PBXBuildFile; fileRef = 969D2EDC193575C600212836 /* InfoPlist.strings */; };
		969D2EE0193575C600212836 /* main.m in Sources */ = {isa = PBXBuildFile; fileRef = 969D2EDF193575C600212836 /* main.m */; };
		969D2EE4193575C600212836 /* AppDelegate.m in Sources */ = {isa = PBXBuildFile; fileRef = 969D2EE3193575C600212836 /* AppDelegate.m */; };
		969D2EE7193575C600212836 /* Bull.xcdatamodeld in Sources */ = {isa = PBXBuildFile; fileRef = 969D2EE5193575C600212836 /* Bull.xcdatamodeld */; };
		969D2EE9193575C600212836 /* Images.xcassets in Resources */ = {isa = PBXBuildFile; fileRef = 969D2EE8193575C600212836 /* Images.xcassets */; };
		969D2EF0193575C600212836 /* XCTest.framework in Frameworks */ = {isa = PBXBuildFile; fileRef = 969D2EEF193575C600212836 /* XCTest.framework */; };
		969D2EF1193575C600212836 /* Foundation.framework in Frameworks */ = {isa = PBXBuildFile; fileRef = 969D2ED1193575C600212836 /* Foundation.framework */; };
		969D2EF2193575C600212836 /* UIKit.framework in Frameworks */ = {isa = PBXBuildFile; fileRef = 969D2ED5193575C600212836 /* UIKit.framework */; };
		969D2EF3193575C600212836 /* CoreData.framework in Frameworks */ = {isa = PBXBuildFile; fileRef = 969D2ED7193575C600212836 /* CoreData.framework */; };
		969D2EFB193575C600212836 /* InfoPlist.strings in Resources */ = {isa = PBXBuildFile; fileRef = 969D2EF9193575C600212836 /* InfoPlist.strings */; };
		969D2EFD193575C600212836 /* BullTests.m in Sources */ = {isa = PBXBuildFile; fileRef = 969D2EFC193575C600212836 /* BullTests.m */; };
/* End PBXBuildFile section */

/* Begin PBXContainerItemProxy section */
		969D2EF4193575C600212836 /* PBXContainerItemProxy */ = {
			isa = PBXContainerItemProxy;
			containerPortal = 969D2EC6193575C600212836 /* Project object */;
			proxyType = 1;
			remoteGlobalIDString = 969D2ECD193575C600212836;
			remoteInfo = Bull;
		};
/* End PBXContainerItemProxy section */

/* Begin PBXFileReference section */
		960245AC1936A54D00E8E874 /* PokerDataController.h */ = {isa = PBXFileReference; fileEncoding = 4; lastKnownFileType = sourcecode.c.h; path = PokerDataController.h; sourceTree = "<group>"; };
		960245AD1936A54D00E8E874 /* PokerDataController.m */ = {isa = PBXFileReference; fileEncoding = 4; lastKnownFileType = sourcecode.c.objc; path = PokerDataController.m; sourceTree = "<group>"; };
		960245AF1936A5F100E8E874 /* Hand.h */ = {isa = PBXFileReference; fileEncoding = 4; lastKnownFileType = sourcecode.c.h; path = Hand.h; sourceTree = "<group>"; };
		960245B01936A5F100E8E874 /* Hand.m */ = {isa = PBXFileReference; fileEncoding = 4; lastKnownFileType = sourcecode.c.objc; path = Hand.m; sourceTree = "<group>"; };
		960245B21936A60300E8E874 /* Card.h */ = {isa = PBXFileReference; fileEncoding = 4; lastKnownFileType = sourcecode.c.h; path = Card.h; sourceTree = "<group>"; };
		960245B31936A60300E8E874 /* Card.m */ = {isa = PBXFileReference; fileEncoding = 4; lastKnownFileType = sourcecode.c.objc; path = Card.m; sourceTree = "<group>"; };
		969D2ECE193575C600212836 /* Bull.app */ = {isa = PBXFileReference; explicitFileType = wrapper.application; includeInIndex = 0; path = Bull.app; sourceTree = BUILT_PRODUCTS_DIR; };
		969D2ED1193575C600212836 /* Foundation.framework */ = {isa = PBXFileReference; lastKnownFileType = wrapper.framework; name = Foundation.framework; path = System/Library/Frameworks/Foundation.framework; sourceTree = SDKROOT; };
		969D2ED3193575C600212836 /* CoreGraphics.framework */ = {isa = PBXFileReference; lastKnownFileType = wrapper.framework; name = CoreGraphics.framework; path = System/Library/Frameworks/CoreGraphics.framework; sourceTree = SDKROOT; };
		969D2ED5193575C600212836 /* UIKit.framework */ = {isa = PBXFileReference; lastKnownFileType = wrapper.framework; name = UIKit.framework; path = System/Library/Frameworks/UIKit.framework; sourceTree = SDKROOT; };
		969D2ED7193575C600212836 /* CoreData.framework */ = {isa = PBXFileReference; lastKnownFileType = wrapper.framework; name = CoreData.framework; path = System/Library/Frameworks/CoreData.framework; sourceTree = SDKROOT; };
		969D2EDB193575C600212836 /* Bull-Info.plist */ = {isa = PBXFileReference; lastKnownFileType = text.plist.xml; path = "Bull-Info.plist"; sourceTree = "<group>"; };
		969D2EDD193575C600212836 /* en */ = {isa = PBXFileReference; lastKnownFileType = text.plist.strings; name = en; path = en.lproj/InfoPlist.strings; sourceTree = "<group>"; };
		969D2EDF193575C600212836 /* main.m */ = {isa = PBXFileReference; lastKnownFileType = sourcecode.c.objc; path = main.m; sourceTree = "<group>"; };
		969D2EE1193575C600212836 /* Bull-Prefix.pch */ = {isa = PBXFileReference; lastKnownFileType = sourcecode.c.h; path = "Bull-Prefix.pch"; sourceTree = "<group>"; };
		969D2EE2193575C600212836 /* AppDelegate.h */ = {isa = PBXFileReference; lastKnownFileType = sourcecode.c.h; path = AppDelegate.h; sourceTree = "<group>"; };
		969D2EE3193575C600212836 /* AppDelegate.m */ = {isa = PBXFileReference; lastKnownFileType = sourcecode.c.objc; path = AppDelegate.m; sourceTree = "<group>"; };
		969D2EE6193575C600212836 /* Bull.xcdatamodel */ = {isa = PBXFileReference; lastKnownFileType = wrapper.xcdatamodel; path = Bull.xcdatamodel; sourceTree = "<group>"; };
		969D2EE8193575C600212836 /* Images.xcassets */ = {isa = PBXFileReference; lastKnownFileType = folder.assetcatalog; path = Images.xcassets; sourceTree = "<group>"; };
		969D2EEE193575C600212836 /* BullTests.xctest */ = {isa = PBXFileReference; explicitFileType = wrapper.cfbundle; includeInIndex = 0; path = BullTests.xctest; sourceTree = BUILT_PRODUCTS_DIR; };
		969D2EEF193575C600212836 /* XCTest.framework */ = {isa = PBXFileReference; lastKnownFileType = wrapper.framework; name = XCTest.framework; path = Library/Frameworks/XCTest.framework; sourceTree = DEVELOPER_DIR; };
		969D2EF8193575C600212836 /* BullTests-Info.plist */ = {isa = PBXFileReference; lastKnownFileType = text.plist.xml; path = "BullTests-Info.plist"; sourceTree = "<group>"; };
		969D2EFA193575C600212836 /* en */ = {isa = PBXFileReference; lastKnownFileType = text.plist.strings; name = en; path = en.lproj/InfoPlist.strings; sourceTree = "<group>"; };
		969D2EFC193575C600212836 /* BullTests.m */ = {isa = PBXFileReference; lastKnownFileType = sourcecode.c.objc; path = BullTests.m; sourceTree = "<group>"; };
/* End PBXFileReference section */

/* Begin PBXFrameworksBuildPhase section */
		969D2ECB193575C600212836 /* Frameworks */ = {
			isa = PBXFrameworksBuildPhase;
			buildActionMask = 2147483647;
			files = (
				969D2ED4193575C600212836 /* CoreGraphics.framework in Frameworks */,
				969D2ED8193575C600212836 /* CoreData.framework in Frameworks */,
				969D2ED6193575C600212836 /* UIKit.framework in Frameworks */,
				969D2ED2193575C600212836 /* Foundation.framework in Frameworks */,
			);
			runOnlyForDeploymentPostprocessing = 0;
		};
		969D2EEB193575C600212836 /* Frameworks */ = {
			isa = PBXFrameworksBuildPhase;
			buildActionMask = 2147483647;
			files = (
				969D2EF0193575C600212836 /* XCTest.framework in Frameworks */,
				969D2EF3193575C600212836 /* CoreData.framework in Frameworks */,
				969D2EF2193575C600212836 /* UIKit.framework in Frameworks */,
				969D2EF1193575C600212836 /* Foundation.framework in Frameworks */,
			);
			runOnlyForDeploymentPostprocessing = 0;
		};
/* End PBXFrameworksBuildPhase section */

/* Begin PBXGroup section */
		969D2EC5193575C600212836 = {
			isa = PBXGroup;
			children = (
				969D2ED9193575C600212836 /* Bull */,
				969D2EF6193575C600212836 /* BullTests */,
				969D2ED0193575C600212836 /* Frameworks */,
				969D2ECF193575C600212836 /* Products */,
			);
			sourceTree = "<group>";
		};
		969D2ECF193575C600212836 /* Products */ = {
			isa = PBXGroup;
			children = (
				969D2ECE193575C600212836 /* Bull.app */,
				969D2EEE193575C600212836 /* BullTests.xctest */,
			);
			name = Products;
			sourceTree = "<group>";
		};
		969D2ED0193575C600212836 /* Frameworks */ = {
			isa = PBXGroup;
			children = (
				969D2ED1193575C600212836 /* Foundation.framework */,
				969D2ED3193575C600212836 /* CoreGraphics.framework */,
				969D2ED5193575C600212836 /* UIKit.framework */,
				969D2ED7193575C600212836 /* CoreData.framework */,
				969D2EEF193575C600212836 /* XCTest.framework */,
			);
			name = Frameworks;
			sourceTree = "<group>";
		};
		969D2ED9193575C600212836 /* Bull */ = {
			isa = PBXGroup;
			children = (
				969D2EE2193575C600212836 /* AppDelegate.h */,
				960245AC1936A54D00E8E874 /* PokerDataController.h */,
				960245AD1936A54D00E8E874 /* PokerDataController.m */,
				960245AF1936A5F100E8E874 /* Hand.h */,
				960245B01936A5F100E8E874 /* Hand.m */,
				969D2EE3193575C600212836 /* AppDelegate.m */,
				969D2EE8193575C600212836 /* Images.xcassets */,
				969D2EE5193575C600212836 /* Bull.xcdatamodeld */,
				969D2EDA193575C600212836 /* Supporting Files */,
				960245B21936A60300E8E874 /* Card.h */,
				960245B31936A60300E8E874 /* Card.m */,
			);
			path = Bull;
			sourceTree = "<group>";
		};
		969D2EDA193575C600212836 /* Supporting Files */ = {
			isa = PBXGroup;
			children = (
				969D2EDB193575C600212836 /* Bull-Info.plist */,
				969D2EDC193575C600212836 /* InfoPlist.strings */,
				969D2EDF193575C600212836 /* main.m */,
				969D2EE1193575C600212836 /* Bull-Prefix.pch */,
			);
			name = "Supporting Files";
			sourceTree = "<group>";
		};
		969D2EF6193575C600212836 /* BullTests */ = {
			isa = PBXGroup;
			children = (
				969D2EFC193575C600212836 /* BullTests.m */,
				969D2EF7193575C600212836 /* Supporting Files */,
			);
			path = BullTests;
			sourceTree = "<group>";
		};
		969D2EF7193575C600212836 /* Supporting Files */ = {
			isa = PBXGroup;
			children = (
				969D2EF8193575C600212836 /* BullTests-Info.plist */,
				969D2EF9193575C600212836 /* InfoPlist.strings */,
			);
			name = "Supporting Files";
			sourceTree = "<group>";
		};
/* End PBXGroup section */

/* Begin PBXNativeTarget section */
		969D2ECD193575C600212836 /* Bull */ = {
			isa = PBXNativeTarget;
			buildConfigurationList = 969D2F00193575C600212836 /* Build configuration list for PBXNativeTarget "Bull" */;
			buildPhases = (
				969D2ECA193575C600212836 /* Sources */,
				969D2ECB193575C600212836 /* Frameworks */,
				969D2ECC193575C600212836 /* Resources */,
			);
			buildRules = (
			);
			dependencies = (
			);
			name = Bull;
			productName = Bull;
			productReference = 969D2ECE193575C600212836 /* Bull.app */;
			productType = "com.apple.product-type.application";
		};
		969D2EED193575C600212836 /* BullTests */ = {
			isa = PBXNativeTarget;
			buildConfigurationList = 969D2F03193575C600212836 /* Build configuration list for PBXNativeTarget "BullTests" */;
			buildPhases = (
				969D2EEA193575C600212836 /* Sources */,
				969D2EEB193575C600212836 /* Frameworks */,
				969D2EEC193575C600212836 /* Resources */,
			);
			buildRules = (
			);
			dependencies = (
				969D2EF5193575C600212836 /* PBXTargetDependency */,
			);
			name = BullTests;
			productName = BullTests;
			productReference = 969D2EEE193575C600212836 /* BullTests.xctest */;
			productType = "com.apple.product-type.bundle.unit-test";
		};
/* End PBXNativeTarget section */

/* Begin PBXProject section */
		969D2EC6193575C600212836 /* Project object */ = {
			isa = PBXProject;
			attributes = {
				LastUpgradeCheck = 0510;
				ORGANIZATIONNAME = "Stevenson University";
				TargetAttributes = {
					969D2EED193575C600212836 = {
						TestTargetID = 969D2ECD193575C600212836;
					};
				};
			};
			buildConfigurationList = 969D2EC9193575C600212836 /* Build configuration list for PBXProject "Bull" */;
			compatibilityVersion = "Xcode 3.2";
			developmentRegion = English;
			hasScannedForEncodings = 0;
			knownRegions = (
				en,
			);
			mainGroup = 969D2EC5193575C600212836;
			productRefGroup = 969D2ECF193575C600212836 /* Products */;
			projectDirPath = "";
			projectRoot = "";
			targets = (
				969D2ECD193575C600212836 /* Bull */,
				969D2EED193575C600212836 /* BullTests */,
			);
		};
/* End PBXProject section */

/* Begin PBXResourcesBuildPhase section */
		969D2ECC193575C600212836 /* Resources */ = {
			isa = PBXResourcesBuildPhase;
			buildActionMask = 2147483647;
			files = (
				969D2EDE193575C600212836 /* InfoPlist.strings in Resources */,
				969D2EE9193575C600212836 /* Images.xcassets in Resources */,
			);
			runOnlyForDeploymentPostprocessing = 0;
		};
		969D2EEC193575C600212836 /* Resources */ = {
			isa = PBXResourcesBuildPhase;
			buildActionMask = 2147483647;
			files = (
				969D2EFB193575C600212836 /* InfoPlist.strings in Resources */,
			);
			runOnlyForDeploymentPostprocessing = 0;
		};
/* End PBXResourcesBuildPhase section */

/* Begin PBXSourcesBuildPhase section */
		969D2ECA193575C600212836 /* Sources */ = {
			isa = PBXSourcesBuildPhase;
			buildActionMask = 2147483647;
			files = (
				960245B11936A5F100E8E874 /* Hand.m in Sources */,
				969D2EE4193575C600212836 /* AppDelegate.m in Sources */,
				969D2EE7193575C600212836 /* Bull.xcdatamodeld in Sources */,
				969D2EE0193575C600212836 /* main.m in Sources */,
				960245AE1936A54D00E8E874 /* PokerDataController.m in Sources */,
				960245B41936A60300E8E874 /* Card.m in Sources */,
			);
			runOnlyForDeploymentPostprocessing = 0;
		};
		969D2EEA193575C600212836 /* Sources */ = {
			isa = PBXSourcesBuildPhase;
			buildActionMask = 2147483647;
			files = (
				969D2EFD193575C600212836 /* BullTests.m in Sources */,
			);
			runOnlyForDeploymentPostprocessing = 0;
		};
/* End PBXSourcesBuildPhase section */

/* Begin PBXTargetDependency section */
		969D2EF5193575C600212836 /* PBXTargetDependency */ = {
			isa = PBXTargetDependency;
			target = 969D2ECD193575C600212836 /* Bull */;
			targetProxy = 969D2EF4193575C600212836 /* PBXContainerItemProxy */;
		};
/* End PBXTargetDependency section */

/* Begin PBXVariantGroup section */
		969D2EDC193575C600212836 /* InfoPlist.strings */ = {
			isa = PBXVariantGroup;
			children = (
				969D2EDD193575C600212836 /* en */,
			);
			name = InfoPlist.strings;
			sourceTree = "<group>";
		};
		969D2EF9193575C600212836 /* InfoPlist.strings */ = {
			isa = PBXVariantGroup;
			children = (
				969D2EFA193575C600212836 /* en */,
			);
			name = InfoPlist.strings;
			sourceTree = "<group>";
		};
/* End PBXVariantGroup section */

/* Begin XCBuildConfiguration section */
		969D2EFE193575C600212836 /* Debug */ = {
			isa = XCBuildConfiguration;
			buildSettings = {
				ALWAYS_SEARCH_USER_PATHS = NO;
				CLANG_CXX_LANGUAGE_STANDARD = "gnu++0x";
				CLANG_CXX_LIBRARY = "libc++";
				CLANG_ENABLE_MODULES = YES;
				CLANG_ENABLE_OBJC_ARC = YES;
				CLANG_WARN_BOOL_CONVERSION = YES;
				CLANG_WARN_CONSTANT_CONVERSION = YES;
				CLANG_WARN_DIRECT_OBJC_ISA_USAGE = YES_ERROR;
				CLANG_WARN_EMPTY_BODY = YES;
				CLANG_WARN_ENUM_CONVERSION = YES;
				CLANG_WARN_INT_CONVERSION = YES;
				CLANG_WARN_OBJC_ROOT_CLASS = YES_ERROR;
				CLANG_WARN__DUPLICATE_METHOD_MATCH = YES;
				"CODE_SIGN_IDENTITY[sdk=iphoneos*]" = "iPhone Developer";
				COPY_PHASE_STRIP = NO;
				GCC_C_LANGUAGE_STANDARD = gnu99;
				GCC_DYNAMIC_NO_PIC = NO;
				GCC_OPTIMIZATION_LEVEL = 0;
				GCC_PREPROCESSOR_DEFINITIONS = (
					"DEBUG=1",
					"$(inherited)",
				);
				GCC_SYMBOLS_PRIVATE_EXTERN = NO;
				GCC_WARN_64_TO_32_BIT_CONVERSION = YES;
				GCC_WARN_ABOUT_RETURN_TYPE = YES_ERROR;
				GCC_WARN_UNDECLARED_SELECTOR = YES;
				GCC_WARN_UNINITIALIZED_AUTOS = YES_AGGRESSIVE;
				GCC_WARN_UNUSED_FUNCTION = YES;
				GCC_WARN_UNUSED_VARIABLE = YES;
				IPHONEOS_DEPLOYMENT_TARGET = 7.1;
				ONLY_ACTIVE_ARCH = YES;
				SDKROOT = iphoneos;
			};
			name = Debug;
		};
		969D2EFF193575C600212836 /* Release */ = {
			isa = XCBuildConfiguration;
			buildSettings = {
				ALWAYS_SEARCH_USER_PATHS = NO;
				CLANG_CXX_LANGUAGE_STANDARD = "gnu++0x";
				CLANG_CXX_LIBRARY = "libc++";
				CLANG_ENABLE_MODULES = YES;
				CLANG_ENABLE_OBJC_ARC = YES;
				CLANG_WARN_BOOL_CONVERSION = YES;
				CLANG_WARN_CONSTANT_CONVERSION = YES;
				CLANG_WARN_DIRECT_OBJC_ISA_USAGE = YES_ERROR;
				CLANG_WARN_EMPTY_BODY = YES;
				CLANG_WARN_ENUM_CONVERSION = YES;
				CLANG_WARN_INT_CONVERSION = YES;
				CLANG_WARN_OBJC_ROOT_CLASS = YES_ERROR;
				CLANG_WARN__DUPLICATE_METHOD_MATCH = YES;
				"CODE_SIGN_IDENTITY[sdk=iphoneos*]" = "iPhone Developer";
				COPY_PHASE_STRIP = YES;
				ENABLE_NS_ASSERTIONS = NO;
				GCC_C_LANGUAGE_STANDARD = gnu99;
				GCC_WARN_64_TO_32_BIT_CONVERSION = YES;
				GCC_WARN_ABOUT_RETURN_TYPE = YES_ERROR;
				GCC_WARN_UNDECLARED_SELECTOR = YES;
				GCC_WARN_UNINITIALIZED_AUTOS = YES_AGGRESSIVE;
				GCC_WARN_UNUSED_FUNCTION = YES;
				GCC_WARN_UNUSED_VARIABLE = YES;
				IPHONEOS_DEPLOYMENT_TARGET = 7.1;
				SDKROOT = iphoneos;
				VALIDATE_PRODUCT = YES;
			};
			name = Release;
		};
		969D2F01193575C600212836 /* Debug */ = {
			isa = XCBuildConfiguration;
			buildSettings = {
				ASSETCATALOG_COMPILER_APPICON_NAME = AppIcon;
				ASSETCATALOG_COMPILER_LAUNCHIMAGE_NAME = LaunchImage;
				GCC_PRECOMPILE_PREFIX_HEADER = YES;
				GCC_PREFIX_HEADER = "Bull/Bull-Prefix.pch";
				INFOPLIST_FILE = "Bull/Bull-Info.plist";
				PRODUCT_NAME = "$(TARGET_NAME)";
				WRAPPER_EXTENSION = app;
			};
			name = Debug;
		};
		969D2F02193575C600212836 /* Release */ = {
			isa = XCBuildConfiguration;
			buildSettings = {
				ASSETCATALOG_COMPILER_APPICON_NAME = AppIcon;
				ASSETCATALOG_COMPILER_LAUNCHIMAGE_NAME = LaunchImage;
				GCC_PRECOMPILE_PREFIX_HEADER = YES;
				GCC_PREFIX_HEADER = "Bull/Bull-Prefix.pch";
				INFOPLIST_FILE = "Bull/Bull-Info.plist";
				PRODUCT_NAME = "$(TARGET_NAME)";
				WRAPPER_EXTENSION = app;
			};
			name = Release;
		};
		969D2F04193575C600212836 /* Debug */ = {
			isa = XCBuildConfiguration;
			buildSettings = {
				BUNDLE_LOADER = "$(BUILT_PRODUCTS_DIR)/Bull.app/Bull";
				FRAMEWORK_SEARCH_PATHS = (
					"$(SDKROOT)/Developer/Library/Frameworks",
					"$(inherited)",
					"$(DEVELOPER_FRAMEWORKS_DIR)",
				);
				GCC_PRECOMPILE_PREFIX_HEADER = YES;
				GCC_PREFIX_HEADER = "Bull/Bull-Prefix.pch";
				GCC_PREPROCESSOR_DEFINITIONS = (
					"DEBUG=1",
					"$(inherited)",
				);
				INFOPLIST_FILE = "BullTests/BullTests-Info.plist";
				PRODUCT_NAME = "$(TARGET_NAME)";
				TEST_HOST = "$(BUNDLE_LOADER)";
				WRAPPER_EXTENSION = xctest;
			};
			name = Debug;
		};
		969D2F05193575C600212836 /* Release */ = {
			isa = XCBuildConfiguration;
			buildSettings = {
				BUNDLE_LOADER = "$(BUILT_PRODUCTS_DIR)/Bull.app/Bull";
				FRAMEWORK_SEARCH_PATHS = (
					"$(SDKROOT)/Developer/Library/Frameworks",
					"$(inherited)",
					"$(DEVELOPER_FRAMEWORKS_DIR)",
				);
				GCC_PRECOMPILE_PREFIX_HEADER = YES;
				GCC_PREFIX_HEADER = "Bull/Bull-Prefix.pch";
				INFOPLIST_FILE = "BullTests/BullTests-Info.plist";
				PRODUCT_NAME = "$(TARGET_NAME)";
				TEST_HOST = "$(BUNDLE_LOADER)";
				WRAPPER_EXTENSION = xctest;
			};
			name = Release;
		};
/* End XCBuildConfiguration section */

/* Begin XCConfigurationList section */
		969D2EC9193575C600212836 /* Build configuration list for PBXProject "Bull" */ = {
			isa = XCConfigurationList;
			buildConfigurations = (
				969D2EFE193575C600212836 /* Debug */,
				969D2EFF193575C600212836 /* Release */,
			);
			defaultConfigurationIsVisible = 0;
			defaultConfigurationName = Release;
		};
		969D2F00193575C600212836 /* Build configuration list for PBXNativeTarget "Bull" */ = {
			isa = XCConfigurationList;
			buildConfigurations = (
				969D2F01193575C600212836 /* Debug */,
				969D2F02193575C600212836 /* Release */,
			);
			defaultConfigurationIsVisible = 0;
			defaultConfigurationName = Release;
		};
		969D2F03193575C600212836 /* Build configuration list for PBXNativeTarget "BullTests" */ = {
			isa = XCConfigurationList;
			buildConfigurations = (
				969D2F04193575C600212836 /* Debug */,
				969D2F05193575C600212836 /* Release */,
			);
			defaultConfigurationIsVisible = 0;
			defaultConfigurationName = Release;
		};
/* End XCConfigurationList section */

/* Begin XCVersionGroup section */
		969D2EE5193575C600212836 /* Bull.xcdatamodeld */ = {
			isa = XCVersionGroup;
			children = (
				969D2EE6193575C600212836 /* Bull.xcdatamodel */,
			);
			currentVersion = 969D2EE6193575C600212836 /* Bull.xcdatamodel */;
			path = Bull.xcdatamodeld;
			sourceTree = "<group>";
			versionGroupType = wrapper.xcdatamodel;
		};
/* End XCVersionGroup section */
	};
	rootObject = 969D2EC6193575C600212836 /* Project object */;
}
